
Microsoft Visual Studio Solution File, Format Version 12.00
# Visual Studio Version 17
VisualStudioVersion = 17.5.33516.290
MinimumVisualStudioVersion = 10.0.40219.1
Project("{FAE04EC0-301F-11D3-BF4B-00C04F79EFBC}") = "CSharpCourseAbstractMethods", "CSharpCourseAbstractMethods\CSharpCourseAbstractMethods.csproj", "{A56A3FBA-E86D-4C91-A105-B957BD63E322}"
EndProject
Global
	GlobalSection(SolutionConfigurationPlatforms) = preSolution
		Debug|Any CPU = Debug|Any CPU
		Release|Any CPU = Release|Any CPU
	EndGlobalSection
	GlobalSection(ProjectConfigurationPlatforms) = postSolution
		{A56A3FBA-E86D-4C91-A105-B957BD63E322}.Debug|Any CPU.ActiveCfg = Debug|Any CPU
		{A56A3FBA-E86D-4C91-A105-B957BD63E322}.Debug|Any CPU.Build.0 = Debug|Any CPU
		{A56A3FBA-E86D-4C91-A105-B957BD63E322}.Release|Any CPU.ActiveCfg = Release|Any CPU
		{A56A3FBA-E86D-4C91-A105-B957BD63E322}.Release|Any CPU.Build.0 = Release|Any CPU
	EndGlobalSection
	GlobalSection(SolutionProperties) = preSolution
		HideSolutionNode = FALSE
	EndGlobalSection
	GlobalSection(ExtensibilityGlobals) = postSolution
		SolutionGuid = {42691F38-04DA-42BD-979C-A44BC73DB0EE}
	EndGlobalSection
EndGlobal
